{
  "requires": true,
  "lockfileVersion": 1,
  "dependencies": {
    "load-script": {
      "version": "1.0.0",
      "resolved": "https://registry.npmjs.org/load-script/-/load-script-1.0.0.tgz",
      "integrity": "sha512-kPEjMFtZvwL9TaZo0uZ2ml+Ye9HUMmPwbYRJ324qF9tqMejwykJ5ggTyvzmrbBeapCAbk98BSbTeovHEEP1uCA=="
    },
    "react-mathjax": {
      "version": "1.0.1",
      "resolved": "https://registry.npmjs.org/react-mathjax/-/react-mathjax-1.0.1.tgz",
      "integrity": "sha512-+mjFcciZY3GQoqiQm3aRTyDjgBKuoaXpY+SCONX00jScuPpTKwnASeFMS5+pbTIzDf5zPT2Y9ZZfQ9U/d4CKtQ==",
      "requires": {
        "load-script": "^1.0.0"
      }
    }
  }
}
